PODS:
  - Flutter (1.0.0)
  - GZ-NMSSH (4.1.5)
  - path_provider (0.0.1):
    - Flutter
  - ssh2 (2.2.1):
    - Flutter
    - GZ-NMSSH (~> 4.1.5)

DEPENDENCIES:
  - Flutter (from `Flutter`)
  - path_provider (from `.symlinks/plugins/path_provider/ios`)
  - ssh2 (from `.symlinks/plugins/ssh2/ios`)

SPEC REPOS:
  trunk:
    - GZ-NMSSH

EXTERNAL SOURCES:
  Flutter:
    :path: Flutter
  path_provider:
    :path: ".symlinks/plugins/path_provider/ios"
  ssh2:
    :path: ".symlinks/plugins/ssh2/ios"

SPEC CHECKSUMS:
  Flutter: 434fef37c0980e73bb6479ef766c45957d4b510c
  GZ-NMSSH: d749f8ae2fd0094b953cd1d5abd8e0cab3c93f8d
  path_provider: abfe2b5c733d04e238b0d8691db0cfd63a27a93c
  ssh2: e3b392bc3ccaad3cb058c0e0d3630907033cf143

PODFILE CHECKSUM: aafe91acc616949ddb318b77800a7f51bffa2a4c

COCOAPODS: 1.10.2
